// !$*UTF8*$!
{
	archiveVersion = 1;
	classes = {
	};
	objectVersion = 50;
	objects = {

/* Begin PBXBuildFile section */
		6AE85DE521F81BDE0061FAC5 /* AppDelegate.swift in Sources */ = {isa = PBXBuildFile; fileRef = 6AE85DE421F81BDE0061FAC5 /* AppDelegate.swift */; };
		6AE85DE721F81BDE0061FAC5 /* ViewController.swift in Sources */ = {isa = PBXBuildFile; fileRef = 6AE85DE621F81BDE0061FAC5 /* ViewController.swift */; };
		6AE85DEA21F81BDE0061FAC5 /* Main.storyboard in Resources */ = {isa = PBXBuildFile; fileRef = 6AE85DE821F81BDE0061FAC5 /* Main.storyboard */; };
		6AE85DEC21F81BE20061FAC5 /* Assets.xcassets in Resources */ = {isa = PBXBuildFile; fileRef = 6AE85DEB21F81BE20061FAC5 /* Assets.xcassets */; };
		6AE85DEF21F81BE20061FAC5 /* LaunchScreen.storyboard in Resources */ = {isa = PBXBuildFile; fileRef = 6AE85DED21F81BE20061FAC5 /* LaunchScreen.storyboard */; };
		6AE85DFB21F81D800061FAC5 /* HomeViewController.swift in Sources */ = {isa = PBXBuildFile; fileRef = 6AE85DFA21F81D800061FAC5 /* HomeViewController.swift */; };
		6AE85DFE21F81F850061FAC5 /* ContactListTableViewCell.swift in Sources */ = {isa = PBXBuildFile; fileRef = 6AE85DFC21F81F850061FAC5 /* ContactListTableViewCell.swift */; };
		6AE85DFF21F81F850061FAC5 /* ContactListTableViewCell.xib in Resources */ = {isa = PBXBuildFile; fileRef = 6AE85DFD21F81F850061FAC5 /* ContactListTableViewCell.xib */; };
		6AE85E0121F828940061FAC5 /* DetailViewController.swift in Sources */ = {isa = PBXBuildFile; fileRef = 6AE85E0021F828940061FAC5 /* DetailViewController.swift */; };
		6AE85E0321F82A980061FAC5 /* DataModel.swift in Sources */ = {isa = PBXBuildFile; fileRef = 6AE85E0221F82A980061FAC5 /* DataModel.swift */; };
		6AE85E0621F831870061FAC5 /* GalleryCollectionViewCell.swift in Sources */ = {isa = PBXBuildFile; fileRef = 6AE85E0421F831870061FAC5 /* GalleryCollectionViewCell.swift */; };
		6AE85E0721F831870061FAC5 /* GalleryCollectionViewCell.xib in Resources */ = {isa = PBXBuildFile; fileRef = 6AE85E0521F831870061FAC5 /* GalleryCollectionViewCell.xib */; };
		6AE85E0921F8321A0061FAC5 /* GalleryViewController.swift in Sources */ = {isa = PBXBuildFile; fileRef = 6AE85E0821F8321A0061FAC5 /* GalleryViewController.swift */; };
/* End PBXBuildFile section */

/* Begin PBXFileReference section */
		6AE85DE121F81BDE0061FAC5 /* DatTrainingDay2.app */ = {isa = PBXFileReference; explicitFileType = wrapper.application; includeInIndex = 0; path = DatTrainingDay2.app; sourceTree = BUILT_PRODUCTS_DIR; };
		6AE85DE421F81BDE0061FAC5 /* AppDelegate.swift */ = {isa = PBXFileReference; lastKnownFileType = sourcecode.swift; path = AppDelegate.swift; sourceTree = "<group>"; };
		6AE85DE621F81BDE0061FAC5 /* ViewController.swift */ = {isa = PBXFileReference; lastKnownFileType = sourcecode.swift; path = ViewController.swift; sourceTree = "<group>"; };
		6AE85DE921F81BDE0061FAC5 /* Base */ = {isa = PBXFileReference; lastKnownFileType = file.storyboard; name = Base; path = Base.lproj/Main.storyboard; sourceTree = "<group>"; };
		6AE85DEB21F81BE20061FAC5 /* Assets.xcassets */ = {isa = PBXFileReference; lastKnownFileType = folder.assetcatalog; path = Assets.xcassets; sourceTree = "<group>"; };
		6AE85DEE21F81BE20061FAC5 /* Base */ = {isa = PBXFileReference; lastKnownFileType = file.storyboard; name = Base; path = Base.lproj/LaunchScreen.storyboard; sourceTree = "<group>"; };
		6AE85DF021F81BE20061FAC5 /* Info.plist */ = {isa = PBXFileReference; lastKnownFileType = text.plist.xml; path = Info.plist; sourceTree = "<group>"; };
		6AE85DFA21F81D800061FAC5 /* HomeViewController.swift */ = {isa = PBXFileReference; lastKnownFileType = sourcecode.swift; path = HomeViewController.swift; sourceTree = "<group>"; };
		6AE85DFC21F81F850061FAC5 /* ContactListTableViewCell.swift */ = {isa = PBXFileReference; lastKnownFileType = sourcecode.swift; path = ContactListTableViewCell.swift; sourceTree = "<group>"; };
		6AE85DFD21F81F850061FAC5 /* ContactListTableViewCell.xib */ = {isa = PBXFileReference; lastKnownFileType = file.xib; path = ContactListTableViewCell.xib; sourceTree = "<group>"; };
		6AE85E0021F828940061FAC5 /* DetailViewController.swift */ = {isa = PBXFileReference; lastKnownFileType = sourcecode.swift; path = DetailViewController.swift; sourceTree = "<group>"; };
		6AE85E0221F82A980061FAC5 /* DataModel.swift */ = {isa = PBXFileReference; lastKnownFileType = sourcecode.swift; path = DataModel.swift; sourceTree = "<group>"; };
		6AE85E0421F831870061FAC5 /* GalleryCollectionViewCell.swift */ = {isa = PBXFileReference; lastKnownFileType = sourcecode.swift; path = GalleryCollectionViewCell.swift; sourceTree = "<group>"; };
		6AE85E0521F831870061FAC5 /* GalleryCollectionViewCell.xib */ = {isa = PBXFileReference; lastKnownFileType = file.xib; path = GalleryCollectionViewCell.xib; sourceTree = "<group>"; };
		6AE85E0821F8321A0061FAC5 /* GalleryViewController.swift */ = {isa = PBXFileReference; lastKnownFileType = sourcecode.swift; path = GalleryViewController.swift; sourceTree = "<group>"; };
/* End PBXFileReference section */

/* Begin PBXFrameworksBuildPhase section */
		6AE85DDE21F81BDE0061FAC5 /* Frameworks */ = {
			isa = PBXFrameworksBuildPhase;
			buildActionMask = 2147483647;
			files = (
			);
			runOnlyForDeploymentPostprocessing = 0;
		};
/* End PBXFrameworksBuildPhase section */

/* Begin PBXGroup section */
		6AE85DD821F81BDE0061FAC5 = {
			isa = PBXGroup;
			children = (
				6AE85DE321F81BDE0061FAC5 /* DatTrainingDay2 */,
				6AE85DE221F81BDE0061FAC5 /* Products */,
			);
			sourceTree = "<group>";
		};
		6AE85DE221F81BDE0061FAC5 /* Products */ = {
			isa = PBXGroup;
			children = (
				6AE85DE121F81BDE0061FAC5 /* DatTrainingDay2.app */,
			);
			name = Products;
			sourceTree = "<group>";
		};
		6AE85DE321F81BDE0061FAC5 /* DatTrainingDay2 */ = {
			isa = PBXGroup;
			children = (
				6AE85DF921F81CFB0061FAC5 /* data */,
				6AE85DF821F81CE40061FAC5 /* Network */,
				6AE85DF721F81CD50061FAC5 /* cell */,
				6AE85DF621F81CC70061FAC5 /* viewcontroller */,
				6AE85DE421F81BDE0061FAC5 /* AppDelegate.swift */,
				6AE85DE621F81BDE0061FAC5 /* ViewController.swift */,
				6AE85DE821F81BDE0061FAC5 /* Main.storyboard */,
				6AE85DEB21F81BE20061FAC5 /* Assets.xcassets */,
				6AE85DED21F81BE20061FAC5 /* LaunchScreen.storyboard */,
				6AE85DF021F81BE20061FAC5 /* Info.plist */,
			);
			path = DatTrainingDay2;
			sourceTree = "<group>";
		};
		6AE85DF621F81CC70061FAC5 /* viewcontroller */ = {
			isa = PBXGroup;
			children = (
				6AE85DFA21F81D800061FAC5 /* HomeViewController.swift */,
				6AE85E0021F828940061FAC5 /* DetailViewController.swift */,
				6AE85E0821F8321A0061FAC5 /* GalleryViewController.swift */,
			);
			path = viewcontroller;
			sourceTree = "<group>";
		};
		6AE85DF721F81CD50061FAC5 /* cell */ = {
			isa = PBXGroup;
			children = (
				6AE85DFC21F81F850061FAC5 /* ContactListTableViewCell.swift */,
				6AE85DFD21F81F850061FAC5 /* ContactListTableViewCell.xib */,
				6AE85E0421F831870061FAC5 /* GalleryCollectionViewCell.swift */,
				6AE85E0521F831870061FAC5 /* GalleryCollectionViewCell.xib */,
			);
			path = cell;
			sourceTree = "<group>";
		};
		6AE85DF821F81CE40061FAC5 /* Network */ = {
			isa = PBXGroup;
			children = (
			);
			path = Network;
			sourceTree = "<group>";
		};
		6AE85DF921F81CFB0061FAC5 /* data */ = {
			isa = PBXGroup;
			children = (
				6AE85E0221F82A980061FAC5 /* DataModel.swift */,
			);
			path = data;
			sourceTree = "<group>";
		};
/* End PBXGroup section */

/* Begin PBXNativeTarget section */
		6AE85DE021F81BDE0061FAC5 /* DatTrainingDay2 */ = {
			isa = PBXNativeTarget;
			buildConfigurationList = 6AE85DF321F81BE20061FAC5 /* Build configuration list for PBXNativeTarget "DatTrainingDay2" */;
			buildPhases = (
				6AE85DDD21F81BDE0061FAC5 /* Sources */,
				6AE85DDE21F81BDE0061FAC5 /* Frameworks */,
				6AE85DDF21F81BDE0061FAC5 /* Resources */,
			);
			buildRules = (
			);
			dependencies = (
			);
			name = DatTrainingDay2;
			productName = DatTrainingDay2;
			productReference = 6AE85DE121F81BDE0061FAC5 /* DatTrainingDay2.app */;
			productType = "com.apple.product-type.application";
		};
/* End PBXNativeTarget section */

/* Begin PBXProject section */
		6AE85DD921F81BDE0061FAC5 /* Project object */ = {
			isa = PBXProject;
			attributes = {
				LastSwiftUpdateCheck = 1000;
				LastUpgradeCheck = 1000;
				ORGANIZATIONNAME = AcePlus;
				TargetAttributes = {
					6AE85DE021F81BDE0061FAC5 = {
						CreatedOnToolsVersion = 10.0;
					};
				};
			};
			buildConfigurationList = 6AE85DDC21F81BDE0061FAC5 /* Build configuration list for PBXProject "DatTrainingDay2" */;
			compatibilityVersion = "Xcode 9.3";
			developmentRegion = en;
			hasScannedForEncodings = 0;
			knownRegions = (
				en,
				Base,
			);
			mainGroup = 6AE85DD821F81BDE0061FAC5;
			productRefGroup = 6AE85DE221F81BDE0061FAC5 /* Products */;
			projectDirPath = "";
			projectRoot = "";
			targets = (
				6AE85DE021F81BDE0061FAC5 /* DatTrainingDay2 */,
			);
		};
/* End PBXProject section */

/* Begin PBXResourcesBuildPhase section */
		6AE85DDF21F81BDE0061FAC5 /* Resources */ = {
			isa = PBXResourcesBuildPhase;
			buildActionMask = 2147483647;
			files = (
				6AE85DFF21F81F850061FAC5 /* ContactListTableViewCell.xib in Resources */,
				6AE85DEF21F81BE20061FAC5 /* LaunchScreen.storyboard in Resources */,
				6AE85DEC21F81BE20061FAC5 /* Assets.xcassets in Resources */,
				6AE85E0721F831870061FAC5 /* GalleryCollectionViewCell.xib in Resources */,
				6AE85DEA21F81BDE0061FAC5 /* Main.storyboard in Resources */,
			);
			runOnlyForDeploymentPostprocessing = 0;
		};
/* End PBXResourcesBuildPhase section */

/* Begin PBXSourcesBuildPhase section */
		6AE85DDD21F81BDE0061FAC5 /* Sources */ = {
			isa = PBXSourcesBuildPhase;
			buildActionMask = 2147483647;
			files = (
				6AE85DFE21F81F850061FAC5 /* ContactListTableViewCell.swift in Sources */,
				6AE85DE721F81BDE0061FAC5 /* ViewController.swift in Sources */,
				6AE85E0121F828940061FAC5 /* DetailViewController.swift in Sources */,
				6AE85DE521F81BDE0061FAC5 /* AppDelegate.swift in Sources */,
				6AE85DFB21F81D800061FAC5 /* HomeViewController.swift in Sources */,
				6AE85E0921F8321A0061FAC5 /* GalleryViewController.swift in Sources */,
				6AE85E0621F831870061FAC5 /* GalleryCollectionViewCell.swift in Sources */,
				6AE85E0321F82A980061FAC5 /* DataModel.swift in Sources */,
			);
			runOnlyForDeploymentPostprocessing = 0;
		};
/* End PBXSourcesBuildPhase section */

/* Begin PBXVariantGroup section */
		6AE85DE821F81BDE0061FAC5 /* Main.storyboard */ = {
			isa = PBXVariantGroup;
			children = (
				6AE85DE921F81BDE0061FAC5 /* Base */,
			);
			name = Main.storyboard;
			sourceTree = "<group>";
		};
		6AE85DED21F81BE20061FAC5 /* LaunchScreen.storyboard */ = {
			isa = PBXVariantGroup;
			children = (
				6AE85DEE21F81BE20061FAC5 /* Base */,
			);
			name = LaunchScreen.storyboard;
			sourceTree = "<group>";
		};
/* End PBXVariantGroup section */

/* Begin XCBuildConfiguration section */
		6AE85DF121F81BE20061FAC5 /* Debug */ = {
			isa = XCBuildConfiguration;
			buildSettings = {
				ALWAYS_SEARCH_USER_PATHS = NO;
				CLANG_ANALYZER_NONNULL = YES;
				CLANG_ANALYZER_NUMBER_OBJECT_CONVERSION = YES_AGGRESSIVE;
				CLANG_CXX_LANGUAGE_STANDARD = "gnu++14";
				CLANG_CXX_LIBRARY = "libc++";
				CLANG_ENABLE_MODULES = YES;
				CLANG_ENABLE_OBJC_ARC = YES;
				CLANG_ENABLE_OBJC_WEAK = YES;
				CLANG_WARN_BLOCK_CAPTURE_AUTORELEASING = YES;
				CLANG_WARN_BOOL_CONVERSION = YES;
				CLANG_WARN_COMMA = YES;
				CLANG_WARN_CONSTANT_CONVERSION = YES;
				CLANG_WARN_DEPRECATED_OBJC_IMPLEMENTATIONS = YES;
				CLANG_WARN_DIRECT_OBJC_ISA_USAGE = YES_ERROR;
				CLANG_WARN_DOCUMENTATION_COMMENTS = YES;
				CLANG_WARN_EMPTY_BODY = YES;
				CLANG_WARN_ENUM_CONVERSION = YES;
				CLANG_WARN_INFINITE_RECURSION = YES;
				CLANG_WARN_INT_CONVERSION = YES;
				CLANG_WARN_NON_LITERAL_NULL_CONVERSION = YES;
				CLANG_WARN_OBJC_IMPLICIT_RETAIN_SELF = YES;
				CLANG_WARN_OBJC_LITERAL_CONVERSION = YES;
				CLANG_WARN_OBJC_ROOT_CLASS = YES_ERROR;
				CLANG_WARN_RANGE_LOOP_ANALYSIS = YES;
				CLANG_WARN_STRICT_PROTOTYPES = YES;
				CLANG_WARN_SUSPICIOUS_MOVE = YES;
				CLANG_WARN_UNGUARDED_AVAILABILITY = YES_AGGRESSIVE;
				CLANG_WARN_UNREACHABLE_CODE = YES;
				CLANG_WARN__DUPLICATE_METHOD_MATCH = YES;
				CODE_SIGN_IDENTITY = "iPhone Developer";
				COPY_PHASE_STRIP = NO;
				DEBUG_INFORMATION_FORMAT = dwarf;
				ENABLE_STRICT_OBJC_MSGSEND = YES;
				ENABLE_TESTABILITY = YES;
				GCC_C_LANGUAGE_STANDARD = gnu11;
				GCC_DYNAMIC_NO_PIC = NO;
				GCC_NO_COMMON_BLOCKS = YES;
				GCC_OPTIMIZATION_LEVEL = 0;
				GCC_PREPROCESSOR_DEFINITIONS = (
					"DEBUG=1",
					"$(inherited)",
				);
				GCC_WARN_64_TO_32_BIT_CONVERSION = YES;
				GCC_WARN_ABOUT_RETURN_TYPE = YES_ERROR;
				GCC_WARN_UNDECLARED_SELECTOR = YES;
				GCC_WARN_UNINITIALIZED_AUTOS = YES_AGGRESSIVE;
				GCC_WARN_UNUSED_FUNCTION = YES;
				GCC_WARN_UNUSED_VARIABLE = YES;
				IPHONEOS_DEPLOYMENT_TARGET = 12.0;
				MTL_ENABLE_DEBUG_INFO = INCLUDE_SOURCE;
				MTL_FAST_MATH = YES;
				ONLY_ACTIVE_ARCH = YES;
				SDKROOT = iphoneos;
				SWIFT_ACTIVE_COMPILATION_CONDITIONS = DEBUG;
				SWIFT_OPTIMIZATION_LEVEL = "-Onone";
			};
			name = Debug;
		};
		6AE85DF221F81BE20061FAC5 /* Release */ = {
			isa = XCBuildConfiguration;
			buildSettings = {
				ALWAYS_SEARCH_USER_PATHS = NO;
				CLANG_ANALYZER_NONNULL = YES;
				CLANG_ANALYZER_NUMBER_OBJECT_CONVERSION = YES_AGGRESSIVE;
				CLANG_CXX_LANGUAGE_STANDARD = "gnu++14";
				CLANG_CXX_LIBRARY = "libc++";
				CLANG_ENABLE_MODULES = YES;
				CLANG_ENABLE_OBJC_ARC = YES;
				CLANG_ENABLE_OBJC_WEAK = YES;
				CLANG_WARN_BLOCK_CAPTURE_AUTORELEASING = YES;
				CLANG_WARN_BOOL_CONVERSION = YES;
				CLANG_WARN_COMMA = YES;
				CLANG_WARN_CONSTANT_CONVERSION = YES;
				CLANG_WARN_DEPRECATED_OBJC_IMPLEMENTATIONS = YES;
				CLANG_WARN_DIRECT_OBJC_ISA_USAGE = YES_ERROR;
				CLANG_WARN_DOCUMENTATION_COMMENTS = YES;
				CLANG_WARN_EMPTY_BODY = YES;
				CLANG_WARN_ENUM_CONVERSION = YES;
				CLANG_WARN_INFINITE_RECURSION = YES;
				CLANG_WARN_INT_CONVERSION = YES;
				CLANG_WARN_NON_LITERAL_NULL_CONVERSION = YES;
				CLANG_WARN_OBJC_IMPLICIT_RETAIN_SELF = YES;
				CLANG_WARN_OBJC_LITERAL_CONVERSION = YES;
				CLANG_WARN_OBJC_ROOT_CLASS = YES_ERROR;
				CLANG_WARN_RANGE_LOOP_ANALYSIS = YES;
				CLANG_WARN_STRICT_PROTOTYPES = YES;
				CLANG_WARN_SUSPICIOUS_MOVE = YES;
				CLANG_WARN_UNGUARDED_AVAILABILITY = YES_AGGRESSIVE;
				CLANG_WARN_UNREACHABLE_CODE = YES;
				CLANG_WARN__DUPLICATE_METHOD_MATCH = YES;
				CODE_SIGN_IDENTITY = "iPhone Developer";
				COPY_PHASE_STRIP = NO;
				DEBUG_INFORMATION_FORMAT = "dwarf-with-dsym";
				ENABLE_NS_ASSERTIONS = NO;
				ENABLE_STRICT_OBJC_MSGSEND = YES;
				GCC_C_LANGUAGE_STANDARD = gnu11;
				GCC_NO_COMMON_BLOCKS = YES;
				GCC_WARN_64_TO_32_BIT_CONVERSION = YES;
				GCC_WARN_ABOUT_RETURN_TYPE = YES_ERROR;
				GCC_WARN_UNDECLARED_SELECTOR = YES;
				GCC_WARN_UNINITIALIZED_AUTOS = YES_AGGRESSIVE;
				GCC_WARN_UNUSED_FUNCTION = YES;
				GCC_WARN_UNUSED_VARIABLE = YES;
				IPHONEOS_DEPLOYMENT_TARGET = 12.0;
				MTL_ENABLE_DEBUG_INFO = NO;
				MTL_FAST_MATH = YES;
				SDKROOT = iphoneos;
				SWIFT_COMPILATION_MODE = wholemodule;
				SWIFT_OPTIMIZATION_LEVEL = "-O";
				VALIDATE_PRODUCT = YES;
			};
			name = Release;
		};
		6AE85DF421F81BE20061FAC5 /* Debug */ = {
			isa = XCBuildConfiguration;
			buildSettings = {
				ASSETCATALOG_COMPILER_APPICON_NAME = AppIcon;
				CODE_SIGN_STYLE = Automatic;
				INFOPLIST_FILE = DatTrainingDay2/Info.plist;
				LD_RUNPATH_SEARCH_PATHS = (
					"$(inherited)",
					"@executable_path/Frameworks",
				);
				PRODUCT_BUNDLE_IDENTIFIER = com.kkk.DatTrainingDay2;
				PRODUCT_NAME = "$(TARGET_NAME)";
				SWIFT_VERSION = 4.2;
				TARGETED_DEVICE_FAMILY = "1,2";
			};
			name = Debug;
		};
		6AE85DF521F81BE20061FAC5 /* Release */ = {
			isa = XCBuildConfiguration;
			buildSettings = {
				ASSETCATALOG_COMPILER_APPICON_NAME = AppIcon;
				CODE_SIGN_STYLE = Automatic;
				INFOPLIST_FILE = DatTrainingDay2/Info.plist;
				LD_RUNPATH_SEARCH_PATHS = (
					"$(inherited)",
					"@executable_path/Frameworks",
				);
				PRODUCT_BUNDLE_IDENTIFIER = com.kkk.DatTrainingDay2;
				PRODUCT_NAME = "$(TARGET_NAME)";
				SWIFT_VERSION = 4.2;
				TARGETED_DEVICE_FAMILY = "1,2";
			};
			name = Release;
		};
/* End XCBuildConfiguration section */

/* Begin XCConfigurationList section */
		6AE85DDC21F81BDE0061FAC5 /* Build configuration list for PBXProject "DatTrainingDay2" */ = {
			isa = XCConfigurationList;
			buildConfigurations = (
				6AE85DF121F81BE20061FAC5 /* Debug */,
				6AE85DF221F81BE20061FAC5 /* Release */,
			);
			defaultConfigurationIsVisible = 0;
			defaultConfigurationName = Release;
		};
		6AE85DF321F81BE20061FAC5 /* Build configuration list for PBXNativeTarget "DatTrainingDay2" */ = {
			isa = XCConfigurationList;
			buildConfigurations = (
				6AE85DF421F81BE20061FAC5 /* Debug */,
				6AE85DF521F81BE20061FAC5 /* Release */,
			);
			defaultConfigurationIsVisible = 0;
			defaultConfigurationName = Release;
		};
/* End XCConfigurationList section */
	};
	rootObject = 6AE85DD921F81BDE0061FAC5 /* Project object */;
}
